<?xml version="1.0" encoding="UTF-8" standalone="yes" ?>
<CodeBlocks_project_file>
	<FileVersion major="1" minor="6" />
	<Project>
		<Option title="Sokoban-3D" />
		<Option pch_mode="2" />
		<Option compiler="gcc" />
		<Option virtualFolders="GameObjects\;GameStates\;GameStates\EditorTabs\;" />
		<Build>
			<Target title="Debug">
				<Option output="bin/Debug/Sokoban-3D" prefix_auto="1" extension_auto="1" />
				<Option object_output="obj/Debug/" />
				<Option type="1" />
				<Option compiler="gcc" />
				<Compiler>
					<Add option="-g" />
					<Add directory="include" />
				</Compiler>
				<Linker>
					<Add library="opengl32" />
					<Add library="gdi32" />
					<Add library="glfw3" />
				</Linker>
			</Target>
			<Target title="Release">
				<Option output="bin/Release/Sokoban-3D" prefix_auto="1" extension_auto="1" />
				<Option object_output="obj/Release/" />
				<Option type="0" />
				<Option compiler="gcc" />
				<Compiler>
					<Add option="-g" />
					<Add option="-isystem" />
					<Add directory="include" />
				</Compiler>
				<Linker>
					<Add library="opengl32" />
					<Add library="gdi32" />
					<Add library="glfw3" />
				</Linker>
			</Target>
		</Build>
		<Compiler>
			<Add option="-Wnon-virtual-dtor" />
			<Add option="-Winit-self" />
			<Add option="-Wredundant-decls" />
			<Add option="-Wcast-align" />
			<Add option="-Wundef" />
			<Add option="-Wfloat-equal" />
			<Add option="-Winline" />
			<Add option="-Wunreachable-code" />
			<Add option="-Wswitch-enum" />
			<Add option="-Wswitch-default" />
			<Add option="-Wzero-as-null-pointer-constant" />
			<Add option="-Wmain" />
			<Add option="-pedantic" />
			<Add option="-Wextra" />
			<Add option="-std=c++14" />
			<Add directory="include" />
		</Compiler>
		<Linker>
			<Add library="opengl32" />
			<Add library="glu32" />
			<Add library="gdi32" />
			<Add library="glfw3" />
			<Add directory="lib-mingw" />
		</Linker>
		<Unit filename="glad.c">
			<Option compilerVar="CC" />
		</Unit>
		<Unit filename="include/block.h" />
		<Unit filename="include/camera.h" />
		<Unit filename="include/common.h" />
		<Unit filename="include/dear/imgui.cpp" />
		<Unit filename="include/dear/imgui_demo.cpp" />
		<Unit filename="include/dear/imgui_draw.cpp" />
		<Unit filename="include/dear/imgui_impl_glfw.cpp" />
		<Unit filename="include/dear/imgui_impl_opengl3.cpp" />
		<Unit filename="include/dear/imgui_widgets.cpp" />
		<Unit filename="include/delta.h" />
		<Unit filename="include/door.h" />
		<Unit filename="include/doorselectstate.h" />
		<Unit filename="include/doortab.h" />
		<Unit filename="include/editor.h" />
		<Unit filename="include/editorbasestate.h" />
		<Unit filename="include/editorstate.h" />
		<Unit filename="include/editortab.h" />
		<Unit filename="include/gameobject.h" />
		<Unit filename="include/gamestate.h" />
		<Unit filename="include/graphicsmanager.h" />
		<Unit filename="include/mainmenustate.h" />
		<Unit filename="include/moveprocessor.h" />
		<Unit filename="include/objecttab.h" />
		<Unit filename="include/playingstate.h" />
		<Unit filename="include/room.h" />
		<Unit filename="include/roommap.h" />
		<Unit filename="include/saveloadtab.h" />
		<Unit filename="include/shader.h" />
		<Unit filename="include/stb_image.h" />
		<Unit filename="include/switch.h" />
		<Unit filename="include/switchtab.h" />
		<Unit filename="main.cpp" />
		<Unit filename="shaders/shader.fs" />
		<Unit filename="shaders/shader.vs" />
		<Unit filename="src/block.cpp">
			<Option virtualFolder="GameObjects/" />
		</Unit>
		<Unit filename="src/camera.cpp" />
		<Unit filename="src/common.cpp" />
		<Unit filename="src/delta.cpp" />
		<Unit filename="src/door.cpp">
			<Option virtualFolder="GameObjects/" />
		</Unit>
		<Unit filename="src/doorselectstate.cpp">
			<Option virtualFolder="GameStates/" />
		</Unit>
		<Unit filename="src/doortab.cpp">
			<Option virtualFolder="GameStates/EditorTabs/" />
		</Unit>
		<Unit filename="src/editor.cpp" />
		<Unit filename="src/editorbasestate.cpp">
			<Option virtualFolder="GameStates/" />
		</Unit>
		<Unit filename="src/editorstate.cpp">
			<Option virtualFolder="GameStates/" />
		</Unit>
		<Unit filename="src/editortab.cpp">
			<Option virtualFolder="GameStates/EditorTabs/" />
		</Unit>
		<Unit filename="src/gameobject.cpp">
			<Option virtualFolder="GameObjects/" />
		</Unit>
		<Unit filename="src/gamestate.cpp">
			<Option virtualFolder="GameStates/" />
		</Unit>
		<Unit filename="src/graphicsmanager.cpp" />
		<Unit filename="src/mainmenustate.cpp">
			<Option virtualFolder="GameStates/" />
		</Unit>
		<Unit filename="src/moveprocessor.cpp" />
		<Unit filename="src/objecttab.cpp">
			<Option virtualFolder="GameStates/EditorTabs/" />
		</Unit>
		<Unit filename="src/playingstate.cpp">
			<Option virtualFolder="GameStates/" />
		</Unit>
		<Unit filename="src/room.cpp" />
		<Unit filename="src/roommap.cpp" />
		<Unit filename="src/saveloadtab.cpp">
			<Option virtualFolder="GameStates/EditorTabs/" />
		</Unit>
		<Unit filename="src/shader.cpp" />
		<Unit filename="src/switch.cpp">
			<Option virtualFolder="GameObjects/" />
		</Unit>
		<Unit filename="src/switchtab.cpp">
			<Option virtualFolder="GameStates/EditorTabs/" />
		</Unit>
		<Extensions>
			<code_completion />
			<envvars />
			<debugger />
			<lib_finder disable_auto="1" />
		</Extensions>
	</Project>
</CodeBlocks_project_file>
