<?xml version="1.0" encoding="UTF-8" standalone="yes" ?>
<CodeBlocks_project_file>
	<FileVersion major="1" minor="6" />
	<Project>
		<Option title="Sokoban-3D" />
		<Option pch_mode="2" />
		<Option compiler="gcc" />
		<Option virtualFolders="Constants\;EditorTabs\;MoveProcessing\;ObjectModifiers\;GameObjects\;GameStates\;" />
		<Build>
			<Target title="Debug">
				<Option output="bin/Debug/Sokoban-3D" prefix_auto="1" extension_auto="1" />
				<Option object_output="obj/Debug/" />
				<Option type="1" />
				<Option compiler="gcc" />
				<Compiler>
					<Add option="-pg" />
					<Add option="-Og" />
					<Add option="-g" />
					<Add directory="include" />
				</Compiler>
				<Linker>
					<Add option="-pg -lgmon" />
					<Add library="opengl32" />
					<Add library="gdi32" />
					<Add library="glfw3" />
				</Linker>
			</Target>
			<Target title="Release">
				<Option output="bin/Release/Sokoban-3D" prefix_auto="1" extension_auto="1" />
				<Option object_output="obj/Release/" />
				<Option type="0" />
				<Option compiler="gcc" />
				<Compiler>
					<Add option="-O3" />
					<Add option="-pg" />
					<Add option="-isystem" />
					<Add directory="include" />
				</Compiler>
				<Linker>
					<Add option="-pg -lgmon" />
					<Add library="opengl32" />
					<Add library="gdi32" />
					<Add library="glfw3" />
				</Linker>
			</Target>
		</Build>
		<Compiler>
			<Add option="-Wnon-virtual-dtor" />
			<Add option="-Winit-self" />
			<Add option="-Wredundant-decls" />
			<Add option="-Wcast-align" />
			<Add option="-Wundef" />
			<Add option="-Wfloat-equal" />
			<Add option="-Winline" />
			<Add option="-Wunreachable-code" />
			<Add option="-Wswitch-enum" />
			<Add option="-Wswitch-default" />
			<Add option="-Wzero-as-null-pointer-constant" />
			<Add option="-Wmain" />
			<Add option="-pedantic" />
			<Add option="-Wextra" />
			<Add option="-std=c++14" />
			<Add directory="include" />
		</Compiler>
		<Linker>
			<Add library="opengl32" />
			<Add library="glu32" />
			<Add library="gdi32" />
			<Add library="glfw3" />
			<Add directory="lib-mingw" />
		</Linker>
		<Unit filename="glad.c">
			<Option compilerVar="CC" />
		</Unit>
		<Unit filename="include/animation.h" />
		<Unit filename="include/autoblock.h" />
		<Unit filename="include/camera.h" />
		<Unit filename="include/car.h" />
		<Unit filename="include/color_constants.cpp" />
		<Unit filename="include/color_constants.h">
			<Option virtualFolder="Constants/" />
		</Unit>
		<Unit filename="include/colorcycle.h" />
		<Unit filename="include/common_constants.h">
			<Option virtualFolder="Constants/" />
		</Unit>
		<Unit filename="include/common_enums.h">
			<Option virtualFolder="Constants/" />
		</Unit>
		<Unit filename="include/component.h" />
		<Unit filename="include/dear/imgui.cpp" />
		<Unit filename="include/dear/imgui_demo.cpp" />
		<Unit filename="include/dear/imgui_draw.cpp" />
		<Unit filename="include/dear/imgui_impl_glfw.cpp" />
		<Unit filename="include/dear/imgui_impl_opengl3.cpp" />
		<Unit filename="include/dear/imgui_widgets.cpp" />
		<Unit filename="include/delta.h" />
		<Unit filename="include/door.h" />
		<Unit filename="include/doorselectstate.h" />
		<Unit filename="include/doortab.h" />
		<Unit filename="include/editorbasestate.h" />
		<Unit filename="include/editorstate.h" />
		<Unit filename="include/editortab.h" />
		<Unit filename="include/effects.h" />
		<Unit filename="include/fallstepprocessor.h" />
		<Unit filename="include/gameobject.h" />
		<Unit filename="include/gameobjectarray.h" />
		<Unit filename="include/gamestate.h" />
		<Unit filename="include/gate.h" />
		<Unit filename="include/gatebody.h" />
		<Unit filename="include/graphicsmanager.h" />
		<Unit filename="include/horizontalstepprocessor.h" />
		<Unit filename="include/mainmenustate.h" />
		<Unit filename="include/mapfile.h" />
		<Unit filename="include/maplayer.h" />
		<Unit filename="include/modifiertab.h" />
		<Unit filename="include/moveprocessor.h" />
		<Unit filename="include/objectmodifier.h" />
		<Unit filename="include/objecttab.h" />
		<Unit filename="include/player.h" />
		<Unit filename="include/playingstate.h" />
		<Unit filename="include/point.h" />
		<Unit filename="include/pressswitch.h" />
		<Unit filename="include/pushblock.h" />
		<Unit filename="include/room.h" />
		<Unit filename="include/roommap.h" />
		<Unit filename="include/saveloadtab.h" />
		<Unit filename="include/shader.h" />
		<Unit filename="include/signaler.h" />
		<Unit filename="include/snakeblock.h" />
		<Unit filename="include/snaketab.h" />
		<Unit filename="include/stb_image.h" />
		<Unit filename="include/string_constants.h">
			<Option virtualFolder="Constants/" />
		</Unit>
		<Unit filename="include/switch.h" />
		<Unit filename="include/switchable.h" />
		<Unit filename="include/switchtab.h" />
		<Unit filename="include/wall.h" />
		<Unit filename="main.cpp" />
		<Unit filename="shaders/shader.fs" />
		<Unit filename="shaders/shader.vs" />
		<Unit filename="src/animation.cpp" />
		<Unit filename="src/autoblock.cpp">
			<Option virtualFolder="ObjectModifiers/" />
		</Unit>
		<Unit filename="src/camera.cpp" />
		<Unit filename="src/car.cpp">
			<Option virtualFolder="ObjectModifiers/" />
		</Unit>
		<Unit filename="src/colorcycle.cpp" />
		<Unit filename="src/component.cpp">
			<Option virtualFolder="MoveProcessing/" />
		</Unit>
		<Unit filename="src/delta.cpp" />
		<Unit filename="src/door.cpp">
			<Option virtualFolder="ObjectModifiers/" />
		</Unit>
		<Unit filename="src/doorselectstate.cpp">
			<Option virtualFolder="GameStates/" />
		</Unit>
		<Unit filename="src/doortab.cpp">
			<Option virtualFolder="EditorTabs/" />
		</Unit>
		<Unit filename="src/editorbasestate.cpp">
			<Option virtualFolder="GameStates/" />
		</Unit>
		<Unit filename="src/editorstate.cpp">
			<Option virtualFolder="GameStates/" />
		</Unit>
		<Unit filename="src/editortab.cpp">
			<Option virtualFolder="EditorTabs/" />
		</Unit>
		<Unit filename="src/effects.cpp" />
		<Unit filename="src/fallstepprocessor.cpp">
			<Option virtualFolder="MoveProcessing/" />
		</Unit>
		<Unit filename="src/gameobject.cpp">
			<Option virtualFolder="GameObjects/" />
		</Unit>
		<Unit filename="src/gameobjectarray.cpp" />
		<Unit filename="src/gamestate.cpp">
			<Option virtualFolder="GameStates/" />
		</Unit>
		<Unit filename="src/gate.cpp">
			<Option virtualFolder="ObjectModifiers/" />
		</Unit>
		<Unit filename="src/gatebody.cpp">
			<Option virtualFolder="GameObjects/" />
		</Unit>
		<Unit filename="src/graphicsmanager.cpp" />
		<Unit filename="src/horizontalstepprocessor.cpp">
			<Option virtualFolder="MoveProcessing/" />
		</Unit>
		<Unit filename="src/mainmenustate.cpp">
			<Option virtualFolder="GameStates/" />
		</Unit>
		<Unit filename="src/mapfile.cpp" />
		<Unit filename="src/maplayer.cpp" />
		<Unit filename="src/modifiertab.cpp">
			<Option virtualFolder="EditorTabs/" />
		</Unit>
		<Unit filename="src/moveprocessor.cpp">
			<Option virtualFolder="MoveProcessing/" />
		</Unit>
		<Unit filename="src/objectmodifier.cpp">
			<Option virtualFolder="ObjectModifiers/" />
		</Unit>
		<Unit filename="src/objecttab.cpp">
			<Option virtualFolder="EditorTabs/" />
		</Unit>
		<Unit filename="src/player.cpp">
			<Option virtualFolder="GameObjects/" />
		</Unit>
		<Unit filename="src/playingstate.cpp">
			<Option virtualFolder="GameStates/" />
		</Unit>
		<Unit filename="src/point.cpp" />
		<Unit filename="src/pressswitch.cpp">
			<Option virtualFolder="ObjectModifiers/" />
		</Unit>
		<Unit filename="src/pushblock.cpp">
			<Option virtualFolder="GameObjects/" />
		</Unit>
		<Unit filename="src/room.cpp" />
		<Unit filename="src/roommap.cpp" />
		<Unit filename="src/saveloadtab.cpp">
			<Option virtualFolder="EditorTabs/" />
		</Unit>
		<Unit filename="src/shader.cpp" />
		<Unit filename="src/signaler.cpp">
			<Option virtualFolder="ObjectModifiers/" />
		</Unit>
		<Unit filename="src/snakeblock.cpp">
			<Option virtualFolder="GameObjects/" />
		</Unit>
		<Unit filename="src/snaketab.cpp">
			<Option virtualFolder="EditorTabs/" />
		</Unit>
		<Unit filename="src/switch.cpp">
			<Option virtualFolder="ObjectModifiers/" />
		</Unit>
		<Unit filename="src/switchable.cpp">
			<Option virtualFolder="ObjectModifiers/" />
		</Unit>
		<Unit filename="src/switchtab.cpp">
			<Option virtualFolder="EditorTabs/" />
		</Unit>
		<Unit filename="src/wall.cpp">
			<Option virtualFolder="GameObjects/" />
		</Unit>
		<Extensions>
			<code_completion />
			<envvars />
			<debugger />
			<lib_finder disable_auto="1" />
		</Extensions>
	</Project>
</CodeBlocks_project_file>
