<?xml version="1.0" encoding="UTF-8" standalone="yes" ?>
<CodeBlocks_project_file>
	<FileVersion major="1" minor="6" />
	<Project>
		<Option title="Sokoban-3D" />
		<Option pch_mode="2" />
		<Option compiler="gcc" />
		<Build>
			<Target title="Debug">
				<Option output="bin/Debug/Sokoban-3D" prefix_auto="1" extension_auto="1" />
				<Option object_output="obj/Debug/" />
				<Option type="1" />
				<Option compiler="gcc" />
				<Compiler>
					<Add option="-g" />
					<Add directory="include" />
				</Compiler>
				<Linker>
					<Add library="opengl32" />
					<Add library="gdi32" />
					<Add library="glfw3" />
				</Linker>
			</Target>
			<Target title="Release">
				<Option output="bin/Release/Sokoban-3D" prefix_auto="1" extension_auto="1" />
				<Option object_output="obj/Release/" />
				<Option type="0" />
				<Option compiler="gcc" />
				<Compiler>
					<Add option="-g" />
					<Add option="-isystem" />
					<Add directory="include" />
				</Compiler>
				<Linker>
					<Add library="opengl32" />
					<Add library="gdi32" />
					<Add library="glfw3" />
				</Linker>
			</Target>
		</Build>
		<Compiler>
			<Add option="-Wnon-virtual-dtor" />
			<Add option="-Winit-self" />
			<Add option="-Wredundant-decls" />
			<Add option="-Wcast-align" />
			<Add option="-Wundef" />
			<Add option="-Wfloat-equal" />
			<Add option="-Winline" />
			<Add option="-Wunreachable-code" />
			<Add option="-Wswitch-enum" />
			<Add option="-Wswitch-default" />
			<Add option="-Wzero-as-null-pointer-constant" />
			<Add option="-Wmain" />
			<Add option="-pedantic" />
			<Add option="-Wextra" />
			<Add option="-std=c++14" />
			<Add directory="include" />
		</Compiler>
		<Linker>
			<Add library="opengl32" />
			<Add library="glu32" />
			<Add library="gdi32" />
			<Add library="glfw3" />
			<Add directory="lib-mingw" />
		</Linker>
		<Unit filename="glad.c">
			<Option compilerVar="CC" />
		</Unit>
		<Unit filename="include/block.h" />
		<Unit filename="include/common.h" />
		<Unit filename="include/delta.h" />
		<Unit filename="include/gameobject.h" />
		<Unit filename="include/loader.h" />
		<Unit filename="include/moveprocessor.h" />
		<Unit filename="include/shader.h" />
		<Unit filename="include/worldmap.h" />
		<Unit filename="main.cpp" />
		<Unit filename="shaders/shader.fs" />
		<Unit filename="shaders/shader.vs" />
		<Unit filename="src/block.cpp" />
		<Unit filename="src/common.cpp" />
		<Unit filename="src/delta.cpp" />
		<Unit filename="src/gameobject.cpp" />
		<Unit filename="src/loader.cpp" />
		<Unit filename="src/moveprocessor.cpp" />
		<Unit filename="src/shader.cpp" />
		<Unit filename="src/worldmap.cpp" />
		<Extensions>
			<code_completion />
			<envvars />
			<debugger />
			<lib_finder disable_auto="1" />
		</Extensions>
	</Project>
</CodeBlocks_project_file>
